
Microsoft Visual Studio Solution File, Format Version 12.00
# Visual Studio Version 17
VisualStudioVersion = 17.10.34916.146
MinimumVisualStudioVersion = 10.0.40219.1
Project("{2150E333-8FDC-42A3-9474-1A3956D46DE8}") = "Src", "Src", "{B2B8D2A8-6943-4AE0-9C19-EC5CD5DEAC59}"
EndProject
Project("{2150E333-8FDC-42A3-9474-1A3956D46DE8}") = "BackEnd", "BackEnd", "{C333246C-9FCD-4ACD-A1FB-E2654B74978C}"
EndProject
Project("{2150E333-8FDC-42A3-9474-1A3956D46DE8}") = "FrondEnd", "FrondEnd", "{98FB6D02-8B4B-49BD-8A33-AD217F4337E8}"
EndProject
Project("{2150E333-8FDC-42A3-9474-1A3956D46DE8}") = "Common", "Common", "{530CF454-0B78-417C-985E-4C140A3A2CC2}"
EndProject
Project("{2150E333-8FDC-42A3-9474-1A3956D46DE8}") = "Infrastructure", "Infrastructure", "{FC97C968-9C92-47D8-8CBA-F5C8815D3559}"
EndProject
Project("{9A19103F-16F7-4668-BE54-9A1E7A4F7556}") = "RestaurantPro2.Common.Data", "RestaurantPro2.Common.Data\RestaurantPro2.Common.Data.csproj", "{ABC7EF38-09F6-4943-BF29-22348A85EA54}"
EndProject
Project("{9A19103F-16F7-4668-BE54-9A1E7A4F7556}") = "RestaurantPro2.Infrastructure.Base", "RestaurantPro2.Infraestructure\RestaurantPro2.Infrastructure.Base.csproj", "{020907D2-D1DA-4842-B5F4-AAF10C7FC904}"
EndProject
Project("{2150E333-8FDC-42A3-9474-1A3956D46DE8}") = "Modules", "Modules", "{6D24DDD9-68E4-45D7-A53B-53D68D3A21D1}"
EndProject
Project("{2150E333-8FDC-42A3-9474-1A3956D46DE8}") = "Menu Management", "Menu Management", "{8AAF8FA0-39BE-4109-AE7E-237D0FA8C09A}"
EndProject
Project("{2150E333-8FDC-42A3-9474-1A3956D46DE8}") = "Apis", "Apis", "{120A73D3-F20B-4337-BD83-EBBFCE623E8F}"
EndProject
Project("{2150E333-8FDC-42A3-9474-1A3956D46DE8}") = "Application", "Application", "{8956BDED-B949-458A-BBA3-7B0232C3A648}"
EndProject
Project("{2150E333-8FDC-42A3-9474-1A3956D46DE8}") = "Persistence", "Persistence", "{36B4515F-6D3E-4591-A923-F5B4F8FC43A8}"
EndProject
Project("{2150E333-8FDC-42A3-9474-1A3956D46DE8}") = "Domain", "Domain", "{0BA1CAA7-7E0D-4FAB-A3E5-6FAF1EF038E7}"
EndProject
Project("{9A19103F-16F7-4668-BE54-9A1E7A4F7556}") = "RestaurantPro2.Menu.Api", "RestaurantPro2.Menu.Api\RestaurantPro2.Menu.Api.csproj", "{DD1678B5-4FDE-427B-9398-3D29E697DA5D}"
EndProject
Project("{9A19103F-16F7-4668-BE54-9A1E7A4F7556}") = "RestaurantPro2.Menu.Application", "RestaurantPro2.Menu.Application\RestaurantPro2.Menu.Application.csproj", "{AA8B5A9F-670A-4109-AE78-45942625EA85}"
EndProject
Project("{9A19103F-16F7-4668-BE54-9A1E7A4F7556}") = "RestaurantPro2.Menu.Domain", "RestaurantPro2.Menu.Domain\RestaurantPro2.Menu.Domain.csproj", "{ED34C150-1A38-42AB-BC1F-7E213EE16037}"
	ProjectSection(ProjectDependencies) = postProject
		{ABC7EF38-09F6-4943-BF29-22348A85EA54} = {ABC7EF38-09F6-4943-BF29-22348A85EA54}
	EndProjectSection
EndProject
Project("{FAE04EC0-301F-11D3-BF4B-00C04F79EFBC}") = "RestaurantPro2.Menu.Persistence", "RestaurantPro2.Menu.Persistence\RestaurantPro2.Menu.Persistence.csproj", "{DF061363-4BEC-476E-B374-35194BDF269D}"
EndProject
Global
	GlobalSection(SolutionConfigurationPlatforms) = preSolution
		Debug|Any CPU = Debug|Any CPU
		Release|Any CPU = Release|Any CPU
	EndGlobalSection
	GlobalSection(ProjectConfigurationPlatforms) = postSolution
		{ABC7EF38-09F6-4943-BF29-22348A85EA54}.Debug|Any CPU.ActiveCfg = Debug|Any CPU
		{ABC7EF38-09F6-4943-BF29-22348A85EA54}.Debug|Any CPU.Build.0 = Debug|Any CPU
		{ABC7EF38-09F6-4943-BF29-22348A85EA54}.Release|Any CPU.ActiveCfg = Release|Any CPU
		{ABC7EF38-09F6-4943-BF29-22348A85EA54}.Release|Any CPU.Build.0 = Release|Any CPU
		{020907D2-D1DA-4842-B5F4-AAF10C7FC904}.Debug|Any CPU.ActiveCfg = Debug|Any CPU
		{020907D2-D1DA-4842-B5F4-AAF10C7FC904}.Debug|Any CPU.Build.0 = Debug|Any CPU
		{020907D2-D1DA-4842-B5F4-AAF10C7FC904}.Release|Any CPU.ActiveCfg = Release|Any CPU
		{020907D2-D1DA-4842-B5F4-AAF10C7FC904}.Release|Any CPU.Build.0 = Release|Any CPU
		{DD1678B5-4FDE-427B-9398-3D29E697DA5D}.Debug|Any CPU.ActiveCfg = Debug|Any CPU
		{DD1678B5-4FDE-427B-9398-3D29E697DA5D}.Debug|Any CPU.Build.0 = Debug|Any CPU
		{DD1678B5-4FDE-427B-9398-3D29E697DA5D}.Release|Any CPU.ActiveCfg = Release|Any CPU
		{DD1678B5-4FDE-427B-9398-3D29E697DA5D}.Release|Any CPU.Build.0 = Release|Any CPU
		{AA8B5A9F-670A-4109-AE78-45942625EA85}.Debug|Any CPU.ActiveCfg = Debug|Any CPU
		{AA8B5A9F-670A-4109-AE78-45942625EA85}.Debug|Any CPU.Build.0 = Debug|Any CPU
		{AA8B5A9F-670A-4109-AE78-45942625EA85}.Release|Any CPU.ActiveCfg = Release|Any CPU
		{AA8B5A9F-670A-4109-AE78-45942625EA85}.Release|Any CPU.Build.0 = Release|Any CPU
		{ED34C150-1A38-42AB-BC1F-7E213EE16037}.Debug|Any CPU.ActiveCfg = Debug|Any CPU
		{ED34C150-1A38-42AB-BC1F-7E213EE16037}.Debug|Any CPU.Build.0 = Debug|Any CPU
		{ED34C150-1A38-42AB-BC1F-7E213EE16037}.Release|Any CPU.ActiveCfg = Release|Any CPU
		{ED34C150-1A38-42AB-BC1F-7E213EE16037}.Release|Any CPU.Build.0 = Release|Any CPU
		{DF061363-4BEC-476E-B374-35194BDF269D}.Debug|Any CPU.ActiveCfg = Debug|Any CPU
		{DF061363-4BEC-476E-B374-35194BDF269D}.Debug|Any CPU.Build.0 = Debug|Any CPU
		{DF061363-4BEC-476E-B374-35194BDF269D}.Release|Any CPU.ActiveCfg = Release|Any CPU
		{DF061363-4BEC-476E-B374-35194BDF269D}.Release|Any CPU.Build.0 = Release|Any CPU
	EndGlobalSection
	GlobalSection(SolutionProperties) = preSolution
		HideSolutionNode = FALSE
	EndGlobalSection
	GlobalSection(NestedProjects) = preSolution
		{C333246C-9FCD-4ACD-A1FB-E2654B74978C} = {B2B8D2A8-6943-4AE0-9C19-EC5CD5DEAC59}
		{98FB6D02-8B4B-49BD-8A33-AD217F4337E8} = {B2B8D2A8-6943-4AE0-9C19-EC5CD5DEAC59}
		{530CF454-0B78-417C-985E-4C140A3A2CC2} = {C333246C-9FCD-4ACD-A1FB-E2654B74978C}
		{FC97C968-9C92-47D8-8CBA-F5C8815D3559} = {C333246C-9FCD-4ACD-A1FB-E2654B74978C}
		{ABC7EF38-09F6-4943-BF29-22348A85EA54} = {530CF454-0B78-417C-985E-4C140A3A2CC2}
		{020907D2-D1DA-4842-B5F4-AAF10C7FC904} = {FC97C968-9C92-47D8-8CBA-F5C8815D3559}
		{6D24DDD9-68E4-45D7-A53B-53D68D3A21D1} = {C333246C-9FCD-4ACD-A1FB-E2654B74978C}
		{8AAF8FA0-39BE-4109-AE7E-237D0FA8C09A} = {6D24DDD9-68E4-45D7-A53B-53D68D3A21D1}
		{120A73D3-F20B-4337-BD83-EBBFCE623E8F} = {8AAF8FA0-39BE-4109-AE7E-237D0FA8C09A}
		{8956BDED-B949-458A-BBA3-7B0232C3A648} = {8AAF8FA0-39BE-4109-AE7E-237D0FA8C09A}
		{36B4515F-6D3E-4591-A923-F5B4F8FC43A8} = {8AAF8FA0-39BE-4109-AE7E-237D0FA8C09A}
		{0BA1CAA7-7E0D-4FAB-A3E5-6FAF1EF038E7} = {8AAF8FA0-39BE-4109-AE7E-237D0FA8C09A}
		{DD1678B5-4FDE-427B-9398-3D29E697DA5D} = {120A73D3-F20B-4337-BD83-EBBFCE623E8F}
		{AA8B5A9F-670A-4109-AE78-45942625EA85} = {8956BDED-B949-458A-BBA3-7B0232C3A648}
		{ED34C150-1A38-42AB-BC1F-7E213EE16037} = {0BA1CAA7-7E0D-4FAB-A3E5-6FAF1EF038E7}
		{DF061363-4BEC-476E-B374-35194BDF269D} = {36B4515F-6D3E-4591-A923-F5B4F8FC43A8}
	EndGlobalSection
	GlobalSection(ExtensibilityGlobals) = postSolution
		SolutionGuid = {662AE7F0-3023-45F2-A962-03DF7BBC210D}
	EndGlobalSection
EndGlobal
